<Solution>
  <Folder Name="/0 - Test/" />
  <Folder Name="/1 - Presentation/" />
  <Folder Name="/2 - Domain/">
    <Project Path="Invoyz.Invoices.Domain/Invoyz.Invoices.Domain.csproj" />
  </Folder>
  <Folder Name="/3 - Infra/" />
  <Folder Name="/3 - Infra/3.1 - Data/">
    <Project Path="Invoyz.Invoices.Data/Invoyz.Invoices.Data.csproj" />
  </Folder>
</Solution>
